
Microsoft Visual Studio Solution File, Format Version 12.00
# Visual Studio 15
VisualStudioVersion = 15.0.26430.16
MinimumVisualStudioVersion = 10.0.40219.1
Project("{FAE04EC0-301F-11D3-BF4B-00C04F79EFBC}") = "Vehicles", "Vehicles\Vehicles.csproj", "{193372AE-FD3E-4213-9755-315D4CF1A375}"
EndProject
Project("{FAE04EC0-301F-11D3-BF4B-00C04F79EFBC}") = "WildFarm", "Wild Farm\WildFarm.csproj", "{81BB8532-2E31-4383-BA88-C9BA72FB323B}"
EndProject
Global
	GlobalSection(SolutionConfigurationPlatforms) = preSolution
		Debug|Any CPU = Debug|Any CPU
		Release|Any CPU = Release|Any CPU
	EndGlobalSection
	GlobalSection(ProjectConfigurationPlatforms) = postSolution
		{193372AE-FD3E-4213-9755-315D4CF1A375}.Debug|Any CPU.ActiveCfg = Debug|Any CPU
		{193372AE-FD3E-4213-9755-315D4CF1A375}.Debug|Any CPU.Build.0 = Debug|Any CPU
		{193372AE-FD3E-4213-9755-315D4CF1A375}.Release|Any CPU.ActiveCfg = Release|Any CPU
		{193372AE-FD3E-4213-9755-315D4CF1A375}.Release|Any CPU.Build.0 = Release|Any CPU
		{81BB8532-2E31-4383-BA88-C9BA72FB323B}.Debug|Any CPU.ActiveCfg = Debug|Any CPU
		{81BB8532-2E31-4383-BA88-C9BA72FB323B}.Debug|Any CPU.Build.0 = Debug|Any CPU
		{81BB8532-2E31-4383-BA88-C9BA72FB323B}.Release|Any CPU.ActiveCfg = Release|Any CPU
		{81BB8532-2E31-4383-BA88-C9BA72FB323B}.Release|Any CPU.Build.0 = Release|Any CPU
	EndGlobalSection
	GlobalSection(SolutionProperties) = preSolution
		HideSolutionNode = FALSE
	EndGlobalSection
EndGlobal
